
Microsoft Visual Studio Solution File, Format Version 12.00
# Visual Studio Version 16
VisualStudioVersion = 16.0.30204.135
MinimumVisualStudioVersion = 10.0.40219.1
Project("{888888A0-9F3D-457C-B088-3A5042F75D52}") = "encrypting files", "encrypting files\encrypting files.pyproj", "{C8D0C857-6D10-4368-861B-5748463AE31B}"
EndProject
Global
	GlobalSection(SolutionConfigurationPlatforms) = preSolution
		Debug|Any CPU = Debug|Any CPU
		Release|Any CPU = Release|Any CPU
	EndGlobalSection
	GlobalSection(ProjectConfigurationPlatforms) = postSolution
		{C8D0C857-6D10-4368-861B-5748463AE31B}.Debug|Any CPU.ActiveCfg = Debug|Any CPU
		{C8D0C857-6D10-4368-861B-5748463AE31B}.Release|Any CPU.ActiveCfg = Release|Any CPU
	EndGlobalSection
	GlobalSection(SolutionProperties) = preSolution
		HideSolutionNode = FALSE
	EndGlobalSection
	GlobalSection(ExtensibilityGlobals) = postSolution
		SolutionGuid = {598256B5-8750-4128-BB65-297D26E34251}
	EndGlobalSection
EndGlobal
